PODS:
  - abrevva-ios-sdk (0.1.0)
  - CocoaMQTT (2.1.6):
    - CocoaMQTT/Core (= 2.1.6)
  - CocoaMQTT/Core (2.1.6):
    - MqttCocoaAsyncSocket (~> 1.0.8)
  - MqttCocoaAsyncSocket (1.0.8)

DEPENDENCIES:
  - abrevva-ios-sdk (from `../`)
  - CocoaMQTT

SPEC REPOS:
  trunk:
    - CocoaMQTT
    - MqttCocoaAsyncSocket

EXTERNAL SOURCES:
  abrevva-ios-sdk:
    :path: "../"

SPEC CHECKSUMS:
  abrevva-ios-sdk: 82b8038db3467e0c2b8349e87dd8413d08984de7
  CocoaMQTT: 1f206228b29318eabdacad0c2e4e88575922c27a
  MqttCocoaAsyncSocket: 77d3b74f76228dd5a05d1f9526eab101d415b30c

PODFILE CHECKSUM: 80a210be4b4a7d43f9544d2934fac296dd288079

COCOAPODS: 1.14.3
